
Microsoft Visual Studio Solution File, Format Version 12.00
Project("{FAE04EC0-301F-11D3-BF4B-00C04F79EFBC}") = "GuessNumberGame", "GuessNumberGame.csproj", "{87EA0BBF-EA71-400D-995E-9709F802536D}"
EndProject
Global
	GlobalSection(SolutionConfigurationPlatforms) = preSolution
		Debug|Any CPU = Debug|Any CPU
		Release|Any CPU = Release|Any CPU
	EndGlobalSection
	GlobalSection(ProjectConfigurationPlatforms) = postSolution
		{87EA0BBF-EA71-400D-995E-9709F802536D}.Debug|Any CPU.ActiveCfg = Debug|Any CPU
		{87EA0BBF-EA71-400D-995E-9709F802536D}.Debug|Any CPU.Build.0 = Debug|Any CPU
		{87EA0BBF-EA71-400D-995E-9709F802536D}.Release|Any CPU.ActiveCfg = Release|Any CPU
		{87EA0BBF-EA71-400D-995E-9709F802536D}.Release|Any CPU.Build.0 = Release|Any CPU
	EndGlobalSection
EndGlobal
